
Microsoft Visual Studio Solution File, Format Version 12.00
# Visual Studio Version 17
VisualStudioVersion = 17.9.34616.47
MinimumVisualStudioVersion = 10.0.40219.1
Project("{2150E333-8FDC-42A3-9474-1A3956D46DE8}") = "Domain", "Domain", "{E131DC93-42FD-47DF-928C-E9362661474F}"
EndProject
Project("{2150E333-8FDC-42A3-9474-1A3956D46DE8}") = "Infrastructure", "Infrastructure", "{38A1FE74-D3EE-4D96-B6AC-9D0A08243E89}"
EndProject
Project("{FAE04EC0-301F-11D3-BF4B-00C04F79EFBC}") = "AREML.EPOD.API", "AREML.EPOD.API\AREML.EPOD.API.csproj", "{B19A9412-D870-49B0-B98F-FB4BF3A539E4}"
EndProject
Project("{FAE04EC0-301F-11D3-BF4B-00C04F79EFBC}") = "AREML.EPOD.Core", "AREML.EPOD.Core\AREML.EPOD.Core.csproj", "{EEF1E1EF-5D1E-46B0-82C9-D74122BFC8D2}"
EndProject
Project("{FAE04EC0-301F-11D3-BF4B-00C04F79EFBC}") = "AREML.EPOD.Data", "AREML.EPOD.Data\AREML.EPOD.Data.csproj", "{01891B40-10A3-4D06-8E7B-1EEB8E1CFB48}"
EndProject
Project("{FAE04EC0-301F-11D3-BF4B-00C04F79EFBC}") = "AREML.EPOD.Interfaces", "AREML.EPOD.Interfaces\AREML.EPOD.Interfaces.csproj", "{17212148-8083-4715-A78C-5B90882D3A86}"
EndProject
Global
	GlobalSection(SolutionConfigurationPlatforms) = preSolution
		Debug|Any CPU = Debug|Any CPU
		Release|Any CPU = Release|Any CPU
	EndGlobalSection
	GlobalSection(ProjectConfigurationPlatforms) = postSolution
		{B19A9412-D870-49B0-B98F-FB4BF3A539E4}.Debug|Any CPU.ActiveCfg = Debug|Any CPU
		{B19A9412-D870-49B0-B98F-FB4BF3A539E4}.Debug|Any CPU.Build.0 = Debug|Any CPU
		{B19A9412-D870-49B0-B98F-FB4BF3A539E4}.Release|Any CPU.ActiveCfg = Release|Any CPU
		{B19A9412-D870-49B0-B98F-FB4BF3A539E4}.Release|Any CPU.Build.0 = Release|Any CPU
		{EEF1E1EF-5D1E-46B0-82C9-D74122BFC8D2}.Debug|Any CPU.ActiveCfg = Debug|Any CPU
		{EEF1E1EF-5D1E-46B0-82C9-D74122BFC8D2}.Debug|Any CPU.Build.0 = Debug|Any CPU
		{EEF1E1EF-5D1E-46B0-82C9-D74122BFC8D2}.Release|Any CPU.ActiveCfg = Release|Any CPU
		{EEF1E1EF-5D1E-46B0-82C9-D74122BFC8D2}.Release|Any CPU.Build.0 = Release|Any CPU
		{01891B40-10A3-4D06-8E7B-1EEB8E1CFB48}.Debug|Any CPU.ActiveCfg = Debug|Any CPU
		{01891B40-10A3-4D06-8E7B-1EEB8E1CFB48}.Debug|Any CPU.Build.0 = Debug|Any CPU
		{01891B40-10A3-4D06-8E7B-1EEB8E1CFB48}.Release|Any CPU.ActiveCfg = Release|Any CPU
		{01891B40-10A3-4D06-8E7B-1EEB8E1CFB48}.Release|Any CPU.Build.0 = Release|Any CPU
		{17212148-8083-4715-A78C-5B90882D3A86}.Debug|Any CPU.ActiveCfg = Debug|Any CPU
		{17212148-8083-4715-A78C-5B90882D3A86}.Debug|Any CPU.Build.0 = Debug|Any CPU
		{17212148-8083-4715-A78C-5B90882D3A86}.Release|Any CPU.ActiveCfg = Release|Any CPU
		{17212148-8083-4715-A78C-5B90882D3A86}.Release|Any CPU.Build.0 = Release|Any CPU
	EndGlobalSection
	GlobalSection(SolutionProperties) = preSolution
		HideSolutionNode = FALSE
	EndGlobalSection
	GlobalSection(NestedProjects) = preSolution
		{EEF1E1EF-5D1E-46B0-82C9-D74122BFC8D2} = {E131DC93-42FD-47DF-928C-E9362661474F}
		{01891B40-10A3-4D06-8E7B-1EEB8E1CFB48} = {38A1FE74-D3EE-4D96-B6AC-9D0A08243E89}
		{17212148-8083-4715-A78C-5B90882D3A86} = {38A1FE74-D3EE-4D96-B6AC-9D0A08243E89}
	EndGlobalSection
	GlobalSection(ExtensibilityGlobals) = postSolution
		SolutionGuid = {188C417A-4985-4D0F-8372-14513BBAC1A7}
	EndGlobalSection
EndGlobal
